
Microsoft Visual Studio Solution File, Format Version 12.00
Project("{FAE04EC0-301F-11D3-BF4B-00C04F79EFBC}") = "Cafe", "Cafe\Cafe.csproj", "{C4B5F8D0-74EA-4AED-A738-7C7B6A820695}"
EndProject
Project("{FAE04EC0-301F-11D3-BF4B-00C04F79EFBC}") = "Shared", "Shared\Shared.csproj", "{33FDB68E-901C-47E4-970E-DAD81B44A343}"
EndProject
Project("{FAE04EC0-301F-11D3-BF4B-00C04F79EFBC}") = "WebAPI", "WebAPI\WebAPI.csproj", "{0E1871E9-D43B-4612-BDA6-D39324AEF0F4}"
EndProject
Global
	GlobalSection(SolutionConfigurationPlatforms) = preSolution
		Debug|Any CPU = Debug|Any CPU
		Release|Any CPU = Release|Any CPU
	EndGlobalSection
	GlobalSection(ProjectConfigurationPlatforms) = postSolution
		{C4B5F8D0-74EA-4AED-A738-7C7B6A820695}.Debug|Any CPU.ActiveCfg = Debug|Any CPU
		{C4B5F8D0-74EA-4AED-A738-7C7B6A820695}.Debug|Any CPU.Build.0 = Debug|Any CPU
		{C4B5F8D0-74EA-4AED-A738-7C7B6A820695}.Release|Any CPU.ActiveCfg = Release|Any CPU
		{C4B5F8D0-74EA-4AED-A738-7C7B6A820695}.Release|Any CPU.Build.0 = Release|Any CPU
		{33FDB68E-901C-47E4-970E-DAD81B44A343}.Debug|Any CPU.ActiveCfg = Debug|Any CPU
		{33FDB68E-901C-47E4-970E-DAD81B44A343}.Debug|Any CPU.Build.0 = Debug|Any CPU
		{33FDB68E-901C-47E4-970E-DAD81B44A343}.Release|Any CPU.ActiveCfg = Release|Any CPU
		{33FDB68E-901C-47E4-970E-DAD81B44A343}.Release|Any CPU.Build.0 = Release|Any CPU
		{0E1871E9-D43B-4612-BDA6-D39324AEF0F4}.Debug|Any CPU.ActiveCfg = Debug|Any CPU
		{0E1871E9-D43B-4612-BDA6-D39324AEF0F4}.Debug|Any CPU.Build.0 = Debug|Any CPU
		{0E1871E9-D43B-4612-BDA6-D39324AEF0F4}.Release|Any CPU.ActiveCfg = Release|Any CPU
		{0E1871E9-D43B-4612-BDA6-D39324AEF0F4}.Release|Any CPU.Build.0 = Release|Any CPU
	EndGlobalSection
EndGlobal
