
Microsoft Visual Studio Solution File, Format Version 12.00
# Visual Studio Version 17
VisualStudioVersion = 17.7.34024.191
MinimumVisualStudioVersion = 10.0.40219.1
Project("{9A19103F-16F7-4668-BE54-9A1E7A4F7556}") = "Data", "..\Data tier\Data\Data.csproj", "{9E6A3B04-0029-435B-B745-DA56AD90F272}"
EndProject
Project("{9A19103F-16F7-4668-BE54-9A1E7A4F7556}") = "Service", "..\Data tier\Service\Service.csproj", "{14D97C0B-FB82-4FF5-93CF-BE4F0B8B4950}"
EndProject
Global
	GlobalSection(SolutionConfigurationPlatforms) = preSolution
		Debug|Any CPU = Debug|Any CPU
		Release|Any CPU = Release|Any CPU
	EndGlobalSection
	GlobalSection(ProjectConfigurationPlatforms) = postSolution
		{9E6A3B04-0029-435B-B745-DA56AD90F272}.Debug|Any CPU.ActiveCfg = Debug|Any CPU
		{9E6A3B04-0029-435B-B745-DA56AD90F272}.Debug|Any CPU.Build.0 = Debug|Any CPU
		{9E6A3B04-0029-435B-B745-DA56AD90F272}.Release|Any CPU.ActiveCfg = Release|Any CPU
		{9E6A3B04-0029-435B-B745-DA56AD90F272}.Release|Any CPU.Build.0 = Release|Any CPU
		{14D97C0B-FB82-4FF5-93CF-BE4F0B8B4950}.Debug|Any CPU.ActiveCfg = Debug|Any CPU
		{14D97C0B-FB82-4FF5-93CF-BE4F0B8B4950}.Debug|Any CPU.Build.0 = Debug|Any CPU
		{14D97C0B-FB82-4FF5-93CF-BE4F0B8B4950}.Release|Any CPU.ActiveCfg = Release|Any CPU
		{14D97C0B-FB82-4FF5-93CF-BE4F0B8B4950}.Release|Any CPU.Build.0 = Release|Any CPU
	EndGlobalSection
	GlobalSection(SolutionProperties) = preSolution
		HideSolutionNode = FALSE
	EndGlobalSection
	GlobalSection(ExtensibilityGlobals) = postSolution
		SolutionGuid = {B132621E-68B7-4F3A-AFB6-B7010991F001}
	EndGlobalSection
EndGlobal
